
Microsoft Visual Studio Solution File, Format Version 12.00
# Visual Studio Version 17
VisualStudioVersion = 17.10.35004.147
MinimumVisualStudioVersion = 10.0.40219.1
Project("{2150E333-8FDC-42A3-9474-1A3956D46DE8}") = "src", "src", "{C48DD8DA-295E-49DE-8A28-25CDC08A96C6}"
EndProject
Project("{2150E333-8FDC-42A3-9474-1A3956D46DE8}") = "tests", "tests", "{1663BA74-39D7-4D9F-98A6-3E7F5EE472DA}"
EndProject
Project("{2150E333-8FDC-42A3-9474-1A3956D46DE8}") = "res", "res", "{563A0848-52CC-4AD3-8D74-F53D7686F5FC}"
	ProjectSection(SolutionItems) = preProject
		res\Alaythia Software 256.ico = res\Alaythia Software 256.ico
		res\Alaythia Software 32.ico = res\Alaythia Software 32.ico
		res\alaythia-software-logo.ico = res\alaythia-software-logo.ico
	EndProjectSection
EndProject
Project("{2150E333-8FDC-42A3-9474-1A3956D46DE8}") = "solution items", "solution items", "{C4C93406-5BBE-470E-BDEF-0EB21EA20579}"
	ProjectSection(SolutionItems) = preProject
		.gitignore = .gitignore
		.github\CODE_OF_CONDUCT.md = .github\CODE_OF_CONDUCT.md
		LICENSE = LICENSE
		README.md = README.md
	EndProjectSection
EndProject
Project("{2150E333-8FDC-42A3-9474-1A3956D46DE8}") = "datasets", "datasets", "{8F3A1477-8D69-4CB8-A93E-2C138A399E69}"
EndProject
Project("{2150E333-8FDC-42A3-9474-1A3956D46DE8}") = "application", "application", "{CCB3CE9E-2E44-4809-81D5-E467A98ACA81}"
EndProject
Project("{2150E333-8FDC-42A3-9474-1A3956D46DE8}") = "system", "system", "{9AAF78F9-FB8E-4BEA-948E-975A75DFF87E}"
EndProject
Project("{2150E333-8FDC-42A3-9474-1A3956D46DE8}") = "modules", "modules", "{03ECF957-1117-4A85-8A77-4DAAD4C31560}"
EndProject
Project("{2150E333-8FDC-42A3-9474-1A3956D46DE8}") = "application", "application", "{744B4D2A-B847-412F-8B1C-CAA44F917DF5}"
EndProject
Project("{2150E333-8FDC-42A3-9474-1A3956D46DE8}") = "infrastructure", "infrastructure", "{91DBF090-D590-4A78-B820-91D38FA60C4E}"
EndProject
Project("{2150E333-8FDC-42A3-9474-1A3956D46DE8}") = "system", "system", "{FDE40F2E-ECC8-4619-BA8F-D3F419AC027E}"
EndProject
Project("{FAE04EC0-301F-11D3-BF4B-00C04F79EFBC}") = "BiblicalBytes", "src\BiblicalBytes\BiblicalBytes.csproj", "{EA0D46E8-ABAA-4F78-BA7B-3A3E988946CF}"
EndProject
Global
	GlobalSection(SolutionConfigurationPlatforms) = preSolution
		Debug|Any CPU = Debug|Any CPU
		Release|Any CPU = Release|Any CPU
	EndGlobalSection
	GlobalSection(ProjectConfigurationPlatforms) = postSolution
		{EA0D46E8-ABAA-4F78-BA7B-3A3E988946CF}.Debug|Any CPU.ActiveCfg = Debug|Any CPU
		{EA0D46E8-ABAA-4F78-BA7B-3A3E988946CF}.Debug|Any CPU.Build.0 = Debug|Any CPU
		{EA0D46E8-ABAA-4F78-BA7B-3A3E988946CF}.Release|Any CPU.ActiveCfg = Release|Any CPU
		{EA0D46E8-ABAA-4F78-BA7B-3A3E988946CF}.Release|Any CPU.Build.0 = Release|Any CPU
	EndGlobalSection
	GlobalSection(SolutionProperties) = preSolution
		HideSolutionNode = FALSE
	EndGlobalSection
	GlobalSection(NestedProjects) = preSolution
		{CCB3CE9E-2E44-4809-81D5-E467A98ACA81} = {C48DD8DA-295E-49DE-8A28-25CDC08A96C6}
		{9AAF78F9-FB8E-4BEA-948E-975A75DFF87E} = {C48DD8DA-295E-49DE-8A28-25CDC08A96C6}
		{03ECF957-1117-4A85-8A77-4DAAD4C31560} = {C48DD8DA-295E-49DE-8A28-25CDC08A96C6}
		{744B4D2A-B847-412F-8B1C-CAA44F917DF5} = {1663BA74-39D7-4D9F-98A6-3E7F5EE472DA}
		{91DBF090-D590-4A78-B820-91D38FA60C4E} = {1663BA74-39D7-4D9F-98A6-3E7F5EE472DA}
		{FDE40F2E-ECC8-4619-BA8F-D3F419AC027E} = {1663BA74-39D7-4D9F-98A6-3E7F5EE472DA}
		{EA0D46E8-ABAA-4F78-BA7B-3A3E988946CF} = {CCB3CE9E-2E44-4809-81D5-E467A98ACA81}
	EndGlobalSection
	GlobalSection(ExtensibilityGlobals) = postSolution
		SolutionGuid = {8A9E4329-7D05-49B6-874D-79141BBD287D}
	EndGlobalSection
EndGlobal
